// !$*UTF8*$!
{
	archiveVersion = 1;
	classes = {
	};
	objectVersion = 50;
	objects = {

/* Begin PBXBuildFile section */
		4D9C51DE263B098B00872313 /* JugglingPredictor.swift in Sources */ = {isa = PBXBuildFile; fileRef = 4D9C51DD263B098B00872313 /* JugglingPredictor.swift */; };
		D4627CC3263A3E2A00C46E27 /* AppDelegate.swift in Sources */ = {isa = PBXBuildFile; fileRef = D4627CC2263A3E2A00C46E27 /* AppDelegate.swift */; };
		D4627CC5263A3E2A00C46E27 /* SceneDelegate.swift in Sources */ = {isa = PBXBuildFile; fileRef = D4627CC4263A3E2A00C46E27 /* SceneDelegate.swift */; };
		D4627CC7263A3E2A00C46E27 /* ViewController.swift in Sources */ = {isa = PBXBuildFile; fileRef = D4627CC6263A3E2A00C46E27 /* ViewController.swift */; };
		D4627CCA263A3E2A00C46E27 /* Main.storyboard in Resources */ = {isa = PBXBuildFile; fileRef = D4627CC8263A3E2A00C46E27 /* Main.storyboard */; };
		D4627CCC263A3E2B00C46E27 /* Assets.xcassets in Resources */ = {isa = PBXBuildFile; fileRef = D4627CCB263A3E2B00C46E27 /* Assets.xcassets */; };
		D4627CCF263A3E2B00C46E27 /* LaunchScreen.storyboard in Resources */ = {isa = PBXBuildFile; fileRef = D4627CCD263A3E2B00C46E27 /* LaunchScreen.storyboard */; };
		D4638A85263ADF12002C24DF /* CameraViewController.swift in Sources */ = {isa = PBXBuildFile; fileRef = D4638A84263ADF12002C24DF /* CameraViewController.swift */; };
		D4638A87263ADFF7002C24DF /* VideoOutputViews.swift in Sources */ = {isa = PBXBuildFile; fileRef = D4638A86263ADFF7002C24DF /* VideoOutputViews.swift */; };
		D4638A89263AE067002C24DF /* Common.swift in Sources */ = {isa = PBXBuildFile; fileRef = D4638A88263AE067002C24DF /* Common.swift */; };
		D4638A8B263B0927002C24DF /* JugglingClassifier.mlmodel in Sources */ = {isa = PBXBuildFile; fileRef = D4638A8A263B0927002C24DF /* JugglingClassifier.mlmodel */; };
/* End PBXBuildFile section */

/* Begin PBXFileReference section */
		4D9C51DD263B098B00872313 /* JugglingPredictor.swift */ = {isa = PBXFileReference; lastKnownFileType = sourcecode.swift; path = JugglingPredictor.swift; sourceTree = "<group>"; };
		D4627CBF263A3E2A00C46E27 /* VisionExperiments.app */ = {isa = PBXFileReference; explicitFileType = wrapper.application; includeInIndex = 0; path = VisionExperiments.app; sourceTree = BUILT_PRODUCTS_DIR; };
		D4627CC2263A3E2A00C46E27 /* AppDelegate.swift */ = {isa = PBXFileReference; lastKnownFileType = sourcecode.swift; path = AppDelegate.swift; sourceTree = "<group>"; };
		D4627CC4263A3E2A00C46E27 /* SceneDelegate.swift */ = {isa = PBXFileReference; lastKnownFileType = sourcecode.swift; path = SceneDelegate.swift; sourceTree = "<group>"; };
		D4627CC6263A3E2A00C46E27 /* ViewController.swift */ = {isa = PBXFileReference; lastKnownFileType = sourcecode.swift; path = ViewController.swift; sourceTree = "<group>"; };
		D4627CC9263A3E2A00C46E27 /* Base */ = {isa = PBXFileReference; lastKnownFileType = file.storyboard; name = Base; path = Base.lproj/Main.storyboard; sourceTree = "<group>"; };
		D4627CCB263A3E2B00C46E27 /* Assets.xcassets */ = {isa = PBXFileReference; lastKnownFileType = folder.assetcatalog; path = Assets.xcassets; sourceTree = "<group>"; };
		D4627CCE263A3E2B00C46E27 /* Base */ = {isa = PBXFileReference; lastKnownFileType = file.storyboard; name = Base; path = Base.lproj/LaunchScreen.storyboard; sourceTree = "<group>"; };
		D4627CD0263A3E2B00C46E27 /* Info.plist */ = {isa = PBXFileReference; lastKnownFileType = text.plist.xml; path = Info.plist; sourceTree = "<group>"; };
		D4638A84263ADF12002C24DF /* CameraViewController.swift */ = {isa = PBXFileReference; lastKnownFileType = sourcecode.swift; path = CameraViewController.swift; sourceTree = "<group>"; };
		D4638A86263ADFF7002C24DF /* VideoOutputViews.swift */ = {isa = PBXFileReference; lastKnownFileType = sourcecode.swift; path = VideoOutputViews.swift; sourceTree = "<group>"; };
		D4638A88263AE067002C24DF /* Common.swift */ = {isa = PBXFileReference; lastKnownFileType = sourcecode.swift; path = Common.swift; sourceTree = "<group>"; };
		D4638A8A263B0927002C24DF /* JugglingClassifier.mlmodel */ = {isa = PBXFileReference; lastKnownFileType = file.mlmodel; path = JugglingClassifier.mlmodel; sourceTree = "<group>"; };
/* End PBXFileReference section */

/* Begin PBXFrameworksBuildPhase section */
		D4627CBC263A3E2A00C46E27 /* Frameworks */ = {
			isa = PBXFrameworksBuildPhase;
			buildActionMask = 2147483647;
			files = (
			);
			runOnlyForDeploymentPostprocessing = 0;
		};
/* End PBXFrameworksBuildPhase section */

/* Begin PBXGroup section */
		D4627CB6263A3E2A00C46E27 = {
			isa = PBXGroup;
			children = (
				D4627CC1263A3E2A00C46E27 /* VisionExperiments */,
				D4627CC0263A3E2A00C46E27 /* Products */,
			);
			sourceTree = "<group>";
		};
		D4627CC0263A3E2A00C46E27 /* Products */ = {
			isa = PBXGroup;
			children = (
				D4627CBF263A3E2A00C46E27 /* VisionExperiments.app */,
			);
			name = Products;
			sourceTree = "<group>";
		};
		D4627CC1263A3E2A00C46E27 /* VisionExperiments */ = {
			isa = PBXGroup;
			children = (
				D4627CC2263A3E2A00C46E27 /* AppDelegate.swift */,
				D4627CC4263A3E2A00C46E27 /* SceneDelegate.swift */,
				D4627CC6263A3E2A00C46E27 /* ViewController.swift */,
				D4638A84263ADF12002C24DF /* CameraViewController.swift */,
				D4638A86263ADFF7002C24DF /* VideoOutputViews.swift */,
				4D9C51DD263B098B00872313 /* JugglingPredictor.swift */,
				D4638A88263AE067002C24DF /* Common.swift */,
				D4638A8A263B0927002C24DF /* JugglingClassifier.mlmodel */,
				D4627CC8263A3E2A00C46E27 /* Main.storyboard */,
				D4627CCB263A3E2B00C46E27 /* Assets.xcassets */,
				D4627CCD263A3E2B00C46E27 /* LaunchScreen.storyboard */,
				D4627CD0263A3E2B00C46E27 /* Info.plist */,
			);
			path = VisionExperiments;
			sourceTree = "<group>";
		};
/* End PBXGroup section */

/* Begin PBXNativeTarget section */
		D4627CBE263A3E2A00C46E27 /* VisionExperiments */ = {
			isa = PBXNativeTarget;
			buildConfigurationList = D4627CD3263A3E2B00C46E27 /* Build configuration list for PBXNativeTarget "VisionExperiments" */;
			buildPhases = (
				D4627CBB263A3E2A00C46E27 /* Sources */,
				D4627CBC263A3E2A00C46E27 /* Frameworks */,
				D4627CBD263A3E2A00C46E27 /* Resources */,
			);
			buildRules = (
			);
			dependencies = (
			);
			name = VisionExperiments;
			productName = VisionExperiments;
			productReference = D4627CBF263A3E2A00C46E27 /* VisionExperiments.app */;
			productType = "com.apple.product-type.application";
		};
/* End PBXNativeTarget section */

/* Begin PBXProject section */
		D4627CB7263A3E2A00C46E27 /* Project object */ = {
			isa = PBXProject;
			attributes = {
				LastSwiftUpdateCheck = 1250;
				LastUpgradeCheck = 1250;
				TargetAttributes = {
					D4627CBE263A3E2A00C46E27 = {
						CreatedOnToolsVersion = 12.5;
					};
				};
			};
			buildConfigurationList = D4627CBA263A3E2A00C46E27 /* Build configuration list for PBXProject "VisionExperiments" */;
			compatibilityVersion = "Xcode 9.3";
			developmentRegion = en;
			hasScannedForEncodings = 0;
			knownRegions = (
				en,
				Base,
			);
			mainGroup = D4627CB6263A3E2A00C46E27;
			productRefGroup = D4627CC0263A3E2A00C46E27 /* Products */;
			projectDirPath = "";
			projectRoot = "";
			targets = (
				D4627CBE263A3E2A00C46E27 /* VisionExperiments */,
			);
		};
/* End PBXProject section */

/* Begin PBXResourcesBuildPhase section */
		D4627CBD263A3E2A00C46E27 /* Resources */ = {
			isa = PBXResourcesBuildPhase;
			buildActionMask = 2147483647;
			files = (
				D4627CCF263A3E2B00C46E27 /* LaunchScreen.storyboard in Resources */,
				D4627CCC263A3E2B00C46E27 /* Assets.xcassets in Resources */,
				D4627CCA263A3E2A00C46E27 /* Main.storyboard in Resources */,
			);
			runOnlyForDeploymentPostprocessing = 0;
		};
/* End PBXResourcesBuildPhase section */

/* Begin PBXSourcesBuildPhase section */
		D4627CBB263A3E2A00C46E27 /* Sources */ = {
			isa = PBXSourcesBuildPhase;
			buildActionMask = 2147483647;
			files = (
				D4627CC7263A3E2A00C46E27 /* ViewController.swift in Sources */,
				D4638A85263ADF12002C24DF /* CameraViewController.swift in Sources */,
				D4638A87263ADFF7002C24DF /* VideoOutputViews.swift in Sources */,
				D4638A8B263B0927002C24DF /* JugglingClassifier.mlmodel in Sources */,
				D4627CC3263A3E2A00C46E27 /* AppDelegate.swift in Sources */,
				D4638A89263AE067002C24DF /* Common.swift in Sources */,
				4D9C51DE263B098B00872313 /* JugglingPredictor.swift in Sources */,
				D4627CC5263A3E2A00C46E27 /* SceneDelegate.swift in Sources */,
			);
			runOnlyForDeploymentPostprocessing = 0;
		};
/* End PBXSourcesBuildPhase section */

/* Begin PBXVariantGroup section */
		D4627CC8263A3E2A00C46E27 /* Main.storyboard */ = {
			isa = PBXVariantGroup;
			children = (
				D4627CC9263A3E2A00C46E27 /* Base */,
			);
			name = Main.storyboard;
			sourceTree = "<group>";
		};
		D4627CCD263A3E2B00C46E27 /* LaunchScreen.storyboard */ = {
			isa = PBXVariantGroup;
			children = (
				D4627CCE263A3E2B00C46E27 /* Base */,
			);
			name = LaunchScreen.storyboard;
			sourceTree = "<group>";
		};
/* End PBXVariantGroup section */

/* Begin XCBuildConfiguration section */
		D4627CD1263A3E2B00C46E27 /* Debug */ = {
			isa = XCBuildConfiguration;
			buildSettings = {
				ALWAYS_SEARCH_USER_PATHS = NO;
				CLANG_ANALYZER_NONNULL = YES;
				CLANG_ANALYZER_NUMBER_OBJECT_CONVERSION = YES_AGGRESSIVE;
				CLANG_CXX_LANGUAGE_STANDARD = "gnu++14";
				CLANG_CXX_LIBRARY = "libc++";
				CLANG_ENABLE_MODULES = YES;
				CLANG_ENABLE_OBJC_ARC = YES;
				CLANG_ENABLE_OBJC_WEAK = YES;
				CLANG_WARN_BLOCK_CAPTURE_AUTORELEASING = YES;
				CLANG_WARN_BOOL_CONVERSION = YES;
				CLANG_WARN_COMMA = YES;
				CLANG_WARN_CONSTANT_CONVERSION = YES;
				CLANG_WARN_DEPRECATED_OBJC_IMPLEMENTATIONS = YES;
				CLANG_WARN_DIRECT_OBJC_ISA_USAGE = YES_ERROR;
				CLANG_WARN_DOCUMENTATION_COMMENTS = YES;
				CLANG_WARN_EMPTY_BODY = YES;
				CLANG_WARN_ENUM_CONVERSION = YES;
				CLANG_WARN_INFINITE_RECURSION = YES;
				CLANG_WARN_INT_CONVERSION = YES;
				CLANG_WARN_NON_LITERAL_NULL_CONVERSION = YES;
				CLANG_WARN_OBJC_IMPLICIT_RETAIN_SELF = YES;
				CLANG_WARN_OBJC_LITERAL_CONVERSION = YES;
				CLANG_WARN_OBJC_ROOT_CLASS = YES_ERROR;
				CLANG_WARN_QUOTED_INCLUDE_IN_FRAMEWORK_HEADER = YES;
				CLANG_WARN_RANGE_LOOP_ANALYSIS = YES;
				CLANG_WARN_STRICT_PROTOTYPES = YES;
				CLANG_WARN_SUSPICIOUS_MOVE = YES;
				CLANG_WARN_UNGUARDED_AVAILABILITY = YES_AGGRESSIVE;
				CLANG_WARN_UNREACHABLE_CODE = YES;
				CLANG_WARN__DUPLICATE_METHOD_MATCH = YES;
				COPY_PHASE_STRIP = NO;
				DEBUG_INFORMATION_FORMAT = dwarf;
				ENABLE_STRICT_OBJC_MSGSEND = YES;
				ENABLE_TESTABILITY = YES;
				GCC_C_LANGUAGE_STANDARD = gnu11;
				GCC_DYNAMIC_NO_PIC = NO;
				GCC_NO_COMMON_BLOCKS = YES;
				GCC_OPTIMIZATION_LEVEL = 0;
				GCC_PREPROCESSOR_DEFINITIONS = (
					"DEBUG=1",
					"$(inherited)",
				);
				GCC_WARN_64_TO_32_BIT_CONVERSION = YES;
				GCC_WARN_ABOUT_RETURN_TYPE = YES_ERROR;
				GCC_WARN_UNDECLARED_SELECTOR = YES;
				GCC_WARN_UNINITIALIZED_AUTOS = YES_AGGRESSIVE;
				GCC_WARN_UNUSED_FUNCTION = YES;
				GCC_WARN_UNUSED_VARIABLE = YES;
				IPHONEOS_DEPLOYMENT_TARGET = 14.5;
				MTL_ENABLE_DEBUG_INFO = INCLUDE_SOURCE;
				MTL_FAST_MATH = YES;
				ONLY_ACTIVE_ARCH = YES;
				SDKROOT = iphoneos;
				SWIFT_ACTIVE_COMPILATION_CONDITIONS = DEBUG;
				SWIFT_OPTIMIZATION_LEVEL = "-Onone";
			};
			name = Debug;
		};
		D4627CD2263A3E2B00C46E27 /* Release */ = {
			isa = XCBuildConfiguration;
			buildSettings = {
				ALWAYS_SEARCH_USER_PATHS = NO;
				CLANG_ANALYZER_NONNULL = YES;
				CLANG_ANALYZER_NUMBER_OBJECT_CONVERSION = YES_AGGRESSIVE;
				CLANG_CXX_LANGUAGE_STANDARD = "gnu++14";
				CLANG_CXX_LIBRARY = "libc++";
				CLANG_ENABLE_MODULES = YES;
				CLANG_ENABLE_OBJC_ARC = YES;
				CLANG_ENABLE_OBJC_WEAK = YES;
				CLANG_WARN_BLOCK_CAPTURE_AUTORELEASING = YES;
				CLANG_WARN_BOOL_CONVERSION = YES;
				CLANG_WARN_COMMA = YES;
				CLANG_WARN_CONSTANT_CONVERSION = YES;
				CLANG_WARN_DEPRECATED_OBJC_IMPLEMENTATIONS = YES;
				CLANG_WARN_DIRECT_OBJC_ISA_USAGE = YES_ERROR;
				CLANG_WARN_DOCUMENTATION_COMMENTS = YES;
				CLANG_WARN_EMPTY_BODY = YES;
				CLANG_WARN_ENUM_CONVERSION = YES;
				CLANG_WARN_INFINITE_RECURSION = YES;
				CLANG_WARN_INT_CONVERSION = YES;
				CLANG_WARN_NON_LITERAL_NULL_CONVERSION = YES;
				CLANG_WARN_OBJC_IMPLICIT_RETAIN_SELF = YES;
				CLANG_WARN_OBJC_LITERAL_CONVERSION = YES;
				CLANG_WARN_OBJC_ROOT_CLASS = YES_ERROR;
				CLANG_WARN_QUOTED_INCLUDE_IN_FRAMEWORK_HEADER = YES;
				CLANG_WARN_RANGE_LOOP_ANALYSIS = YES;
				CLANG_WARN_STRICT_PROTOTYPES = YES;
				CLANG_WARN_SUSPICIOUS_MOVE = YES;
				CLANG_WARN_UNGUARDED_AVAILABILITY = YES_AGGRESSIVE;
				CLANG_WARN_UNREACHABLE_CODE = YES;
				CLANG_WARN__DUPLICATE_METHOD_MATCH = YES;
				COPY_PHASE_STRIP = NO;
				DEBUG_INFORMATION_FORMAT = "dwarf-with-dsym";
				ENABLE_NS_ASSERTIONS = NO;
				ENABLE_STRICT_OBJC_MSGSEND = YES;
				GCC_C_LANGUAGE_STANDARD = gnu11;
				GCC_NO_COMMON_BLOCKS = YES;
				GCC_WARN_64_TO_32_BIT_CONVERSION = YES;
				GCC_WARN_ABOUT_RETURN_TYPE = YES_ERROR;
				GCC_WARN_UNDECLARED_SELECTOR = YES;
				GCC_WARN_UNINITIALIZED_AUTOS = YES_AGGRESSIVE;
				GCC_WARN_UNUSED_FUNCTION = YES;
				GCC_WARN_UNUSED_VARIABLE = YES;
				IPHONEOS_DEPLOYMENT_TARGET = 14.5;
				MTL_ENABLE_DEBUG_INFO = NO;
				MTL_FAST_MATH = YES;
				SDKROOT = iphoneos;
				SWIFT_COMPILATION_MODE = wholemodule;
				SWIFT_OPTIMIZATION_LEVEL = "-O";
				VALIDATE_PRODUCT = YES;
			};
			name = Release;
		};
		D4627CD4263A3E2B00C46E27 /* Debug */ = {
			isa = XCBuildConfiguration;
			buildSettings = {
				ASSETCATALOG_COMPILER_APPICON_NAME = AppIcon;
				ASSETCATALOG_COMPILER_GLOBAL_ACCENT_COLOR_NAME = AccentColor;
				CODE_SIGN_STYLE = Automatic;
				DEVELOPMENT_TEAM = 72MQ9UJM4S;
				INFOPLIST_FILE = VisionExperiments/Info.plist;
				IPHONEOS_DEPLOYMENT_TARGET = 14.1;
				LD_RUNPATH_SEARCH_PATHS = (
					"$(inherited)",
					"@executable_path/Frameworks",
				);
				PRODUCT_BUNDLE_IDENTIFIER = com.FredLacis.VisionExperiments;
				PRODUCT_NAME = "$(TARGET_NAME)";
				SWIFT_VERSION = 5.0;
				TARGETED_DEVICE_FAMILY = "1,2";
			};
			name = Debug;
		};
		D4627CD5263A3E2B00C46E27 /* Release */ = {
			isa = XCBuildConfiguration;
			buildSettings = {
				ASSETCATALOG_COMPILER_APPICON_NAME = AppIcon;
				ASSETCATALOG_COMPILER_GLOBAL_ACCENT_COLOR_NAME = AccentColor;
				CODE_SIGN_STYLE = Automatic;
				DEVELOPMENT_TEAM = 72MQ9UJM4S;
				INFOPLIST_FILE = VisionExperiments/Info.plist;
				IPHONEOS_DEPLOYMENT_TARGET = 14.1;
				LD_RUNPATH_SEARCH_PATHS = (
					"$(inherited)",
					"@executable_path/Frameworks",
				);
				PRODUCT_BUNDLE_IDENTIFIER = com.FredLacis.VisionExperiments;
				PRODUCT_NAME = "$(TARGET_NAME)";
				SWIFT_VERSION = 5.0;
				TARGETED_DEVICE_FAMILY = "1,2";
			};
			name = Release;
		};
/* End XCBuildConfiguration section */

/* Begin XCConfigurationList section */
		D4627CBA263A3E2A00C46E27 /* Build configuration list for PBXProject "VisionExperiments" */ = {
			isa = XCConfigurationList;
			buildConfigurations = (
				D4627CD1263A3E2B00C46E27 /* Debug */,
				D4627CD2263A3E2B00C46E27 /* Release */,
			);
			defaultConfigurationIsVisible = 0;
			defaultConfigurationName = Release;
		};
		D4627CD3263A3E2B00C46E27 /* Build configuration list for PBXNativeTarget "VisionExperiments" */ = {
			isa = XCConfigurationList;
			buildConfigurations = (
				D4627CD4263A3E2B00C46E27 /* Debug */,
				D4627CD5263A3E2B00C46E27 /* Release */,
			);
			defaultConfigurationIsVisible = 0;
			defaultConfigurationName = Release;
		};
/* End XCConfigurationList section */
	};
	rootObject = D4627CB7263A3E2A00C46E27 /* Project object */;
}
